
Microsoft Visual Studio Solution File, Format Version 12.00
# Visual Studio Version 16
VisualStudioVersion = 16.0.31515.178
MinimumVisualStudioVersion = 10.0.40219.1
Project("{FAE04EC0-301F-11D3-BF4B-00C04F79EFBC}") = "booksapi", "booksapi\booksapi.csproj", "{D90DC234-5963-406F-85CD-92BDE939B7E3}"
EndProject
Global
	GlobalSection(SolutionConfigurationPlatforms) = preSolution
		Debug|Any CPU = Debug|Any CPU
		Release|Any CPU = Release|Any CPU
	EndGlobalSection
	GlobalSection(ProjectConfigurationPlatforms) = postSolution
		{D90DC234-5963-406F-85CD-92BDE939B7E3}.Debug|Any CPU.ActiveCfg = Debug|Any CPU
		{D90DC234-5963-406F-85CD-92BDE939B7E3}.Debug|Any CPU.Build.0 = Debug|Any CPU
		{D90DC234-5963-406F-85CD-92BDE939B7E3}.Release|Any CPU.ActiveCfg = Release|Any CPU
		{D90DC234-5963-406F-85CD-92BDE939B7E3}.Release|Any CPU.Build.0 = Release|Any CPU
	EndGlobalSection
	GlobalSection(SolutionProperties) = preSolution
		HideSolutionNode = FALSE
	EndGlobalSection
	GlobalSection(ExtensibilityGlobals) = postSolution
		SolutionGuid = {3AE1D300-8141-4C75-837B-D01CC9D4AE18}
	EndGlobalSection
EndGlobal
